# THIS IS AN AUTOGENERATED FILE. DO NOT EDIT THIS FILE DIRECTLY.
# yarn lockfile v1


"@openzeppelin/contracts@^4.7.1":
  version "4.7.1"
  resolved "https://registry.yarnpkg.com/@openzeppelin/contracts/-/contracts-4.7.1.tgz#33d0a857b76b18d313e6bb6ed28cdaf367e90cfe"
  integrity sha512-UXmAjKARsXORHlHZu5GCD7ZbRKm6nU8UHnbuT/QJJa2JEOEcbvV/X8w/sUk62Sl9VZuuljM1akrZLyAtzUgsxw==
